
Microsoft Visual Studio Solution File, Format Version 12.00
# Visual Studio Version 17
VisualStudioVersion = 17.7.34031.279
MinimumVisualStudioVersion = 10.0.40219.1
Project("{FAE04EC0-301F-11D3-BF4B-00C04F79EFBC}") = "Bridge", "Bridge\Bridge.csproj", "{EBC2EA43-3821-4868-A672-A153AABAB95E}"
EndProject
Global
	GlobalSection(SolutionConfigurationPlatforms) = preSolution
		Debug|Any CPU = Debug|Any CPU
		Release|Any CPU = Release|Any CPU
	EndGlobalSection
	GlobalSection(ProjectConfigurationPlatforms) = postSolution
		{EBC2EA43-3821-4868-A672-A153AABAB95E}.Debug|Any CPU.ActiveCfg = Debug|Any CPU
		{EBC2EA43-3821-4868-A672-A153AABAB95E}.Debug|Any CPU.Build.0 = Debug|Any CPU
		{EBC2EA43-3821-4868-A672-A153AABAB95E}.Release|Any CPU.ActiveCfg = Release|Any CPU
		{EBC2EA43-3821-4868-A672-A153AABAB95E}.Release|Any CPU.Build.0 = Release|Any CPU
	EndGlobalSection
	GlobalSection(SolutionProperties) = preSolution
		HideSolutionNode = FALSE
	EndGlobalSection
	GlobalSection(ExtensibilityGlobals) = postSolution
		SolutionGuid = {DBA2A41E-D1E8-4990-9C86-9BB67AD58BDC}
	EndGlobalSection
EndGlobal
